
Microsoft Visual Studio Solution File, Format Version 12.00
# Visual Studio Version 17
VisualStudioVersion = 17.9.34622.214
MinimumVisualStudioVersion = 10.0.40219.1
Project("{8BC9CEB8-8B4A-11D0-8D11-00A0C91BC942}") = "BOJ_28278", "BOJ_28278.vcxproj", "{B76E3608-FDBF-46E8-96E7-24EECDDA016A}"
EndProject
Global
	GlobalSection(SolutionConfigurationPlatforms) = preSolution
		Debug|x64 = Debug|x64
		Release|x64 = Release|x64
	EndGlobalSection
	GlobalSection(ProjectConfigurationPlatforms) = postSolution
		{B76E3608-FDBF-46E8-96E7-24EECDDA016A}.Debug|x64.ActiveCfg = Debug|x64
		{B76E3608-FDBF-46E8-96E7-24EECDDA016A}.Debug|x64.Build.0 = Debug|x64
		{B76E3608-FDBF-46E8-96E7-24EECDDA016A}.Release|x64.ActiveCfg = Release|x64
		{B76E3608-FDBF-46E8-96E7-24EECDDA016A}.Release|x64.Build.0 = Release|x64
	EndGlobalSection
	GlobalSection(SolutionProperties) = preSolution
		HideSolutionNode = FALSE
	EndGlobalSection
	GlobalSection(ExtensibilityGlobals) = postSolution
		SolutionGuid = {E3E47C73-2370-4C2F-A326-3BC61D773669}
	EndGlobalSection
EndGlobal
